
Microsoft Visual Studio Solution File, Format Version 12.00
# Visual Studio Version 17
VisualStudioVersion = 17.7.34221.43
MinimumVisualStudioVersion = 10.0.40219.1
Project("{FAE04EC0-301F-11D3-BF4B-00C04F79EFBC}") = "PageObjects", "PageObjects.csproj", "{232AFAA0-C8EB-471E-A6D2-CC07426380BA}"
EndProject
Project("{FAE04EC0-301F-11D3-BF4B-00C04F79EFBC}") = "Tests", "..\Tests\Tests.csproj", "{54414A79-1706-45E8-ACA3-2C7EF694B327}"
EndProject
Global
	GlobalSection(SolutionConfigurationPlatforms) = preSolution
		Debug|Any CPU = Debug|Any CPU
		Release|Any CPU = Release|Any CPU
	EndGlobalSection
	GlobalSection(ProjectConfigurationPlatforms) = postSolution
		{232AFAA0-C8EB-471E-A6D2-CC07426380BA}.Debug|Any CPU.ActiveCfg = Debug|Any CPU
		{232AFAA0-C8EB-471E-A6D2-CC07426380BA}.Debug|Any CPU.Build.0 = Debug|Any CPU
		{232AFAA0-C8EB-471E-A6D2-CC07426380BA}.Release|Any CPU.ActiveCfg = Release|Any CPU
		{232AFAA0-C8EB-471E-A6D2-CC07426380BA}.Release|Any CPU.Build.0 = Release|Any CPU
		{54414A79-1706-45E8-ACA3-2C7EF694B327}.Debug|Any CPU.ActiveCfg = Debug|Any CPU
		{54414A79-1706-45E8-ACA3-2C7EF694B327}.Debug|Any CPU.Build.0 = Debug|Any CPU
		{54414A79-1706-45E8-ACA3-2C7EF694B327}.Release|Any CPU.ActiveCfg = Release|Any CPU
		{54414A79-1706-45E8-ACA3-2C7EF694B327}.Release|Any CPU.Build.0 = Release|Any CPU
	EndGlobalSection
	GlobalSection(SolutionProperties) = preSolution
		HideSolutionNode = FALSE
	EndGlobalSection
	GlobalSection(ExtensibilityGlobals) = postSolution
		SolutionGuid = {3557117F-721F-4712-8764-40BE5B1B22A4}
	EndGlobalSection
EndGlobal
